# generated by rye
# use `rye lock` or `rye sync` to update this lockfile
#
# last locked with the following flags:
#   pre: false
#   features: []
#   all-features: false
#   with-sources: false

-e file:.
minitraceback==0.1.1
    # via mini-traceback
sqlalchemy==2.0.29
    # via mini-traceback
typing-extensions==4.11.0
    # via sqlalchemy
