# generated by rye
# use `rye lock` or `rye sync` to update this lockfile
#
# last locked with the following flags:
#   pre: false
#   features: []
#   all-features: false
#   with-sources: false

-e file:.
backoff==2.2.1
    # via opentelemetry-exporter-otlp-proto-common
    # via opentelemetry-exporter-otlp-proto-grpc
    # via opentelemetry-exporter-otlp-proto-http
certifi==2024.2.2
    # via requests
charset-normalizer==3.3.2
    # via requests
deprecated==1.2.14
    # via opentelemetry-api
    # via opentelemetry-exporter-otlp-proto-grpc
    # via opentelemetry-exporter-otlp-proto-http
googleapis-common-protos==1.62.0
    # via opentelemetry-exporter-otlp-proto-grpc
    # via opentelemetry-exporter-otlp-proto-http
grpcio==1.62.0
    # via opentelemetry-exporter-otlp-proto-grpc
idna==3.6
    # via requests
importlib-metadata==6.11.0
    # via opentelemetry-api
opentelemetry-api==1.22.0
    # via opentelemetry-exporter-otlp-proto-grpc
    # via opentelemetry-exporter-otlp-proto-http
    # via opentelemetry-sdk
opentelemetry-exporter-otlp==1.22.0
    # via otel-proto
opentelemetry-exporter-otlp-proto-common==1.22.0
    # via opentelemetry-exporter-otlp-proto-grpc
    # via opentelemetry-exporter-otlp-proto-http
opentelemetry-exporter-otlp-proto-grpc==1.22.0
    # via opentelemetry-exporter-otlp
opentelemetry-exporter-otlp-proto-http==1.22.0
    # via opentelemetry-exporter-otlp
opentelemetry-proto==1.22.0
    # via opentelemetry-exporter-otlp-proto-common
    # via opentelemetry-exporter-otlp-proto-grpc
    # via opentelemetry-exporter-otlp-proto-http
    # via otel-proto
opentelemetry-sdk==1.22.0
    # via opentelemetry-exporter-otlp-proto-grpc
    # via opentelemetry-exporter-otlp-proto-http
    # via otel-proto
opentelemetry-semantic-conventions==0.43b0
    # via opentelemetry-sdk
protobuf==4.25.3
    # via googleapis-common-protos
    # via opentelemetry-proto
requests==2.31.0
    # via opentelemetry-exporter-otlp-proto-http
typing-extensions==4.9.0
    # via opentelemetry-sdk
urllib3==2.2.1
    # via requests
wrapt==1.16.0
    # via deprecated
zipp==3.17.0
    # via importlib-metadata
